
Microsoft Visual Studio Solution File, Format Version 12.00
# Visual Studio Version 17
VisualStudioVersion = 17.6.33815.320
MinimumVisualStudioVersion = 10.0.40219.1
Project("{FAE04EC0-301F-11D3-BF4B-00C04F79EFBC}") = "FileTableViewer", "FileTableViewer.csproj", "{33050F15-DC36-4D02-8824-139DA7ABA2D6}"
EndProject
Global
	GlobalSection(SolutionConfigurationPlatforms) = preSolution
		Debug|Any CPU = Debug|Any CPU
		Release|Any CPU = Release|Any CPU
	EndGlobalSection
	GlobalSection(ProjectConfigurationPlatforms) = postSolution
		{33050F15-DC36-4D02-8824-139DA7ABA2D6}.Debug|Any CPU.ActiveCfg = Debug|Any CPU
		{33050F15-DC36-4D02-8824-139DA7ABA2D6}.Debug|Any CPU.Build.0 = Debug|Any CPU
		{33050F15-DC36-4D02-8824-139DA7ABA2D6}.Release|Any CPU.ActiveCfg = Release|Any CPU
		{33050F15-DC36-4D02-8824-139DA7ABA2D6}.Release|Any CPU.Build.0 = Release|Any CPU
	EndGlobalSection
	GlobalSection(SolutionProperties) = preSolution
		HideSolutionNode = FALSE
	EndGlobalSection
	GlobalSection(ExtensibilityGlobals) = postSolution
		SolutionGuid = {F55F5506-ADDD-406B-B4D6-7DA4E0F52E4B}
	EndGlobalSection
EndGlobal
